# This file is automatically @generated by Cargo.
# It is not intended for manual editing.
version = 4

[[package]]
name = "semoxide"
version = "0.0.0"
dependencies = [
 "semoxide-runtime",
]

[[package]]
name = "semoxide-cli"
version = "0.0.0"
dependencies = [
 "semoxide",
]

[[package]]
name = "semoxide-engine"
version = "0.0.0"
dependencies = [
 "semoxide-error",
 "semoxide-schema",
]

[[package]]
name = "semoxide-error"
version = "0.0.0"

[[package]]
name = "semoxide-git"
version = "0.0.0"
dependencies = [
 "semoxide-engine",
 "semoxide-error",
]

[[package]]
name = "semoxide-runtime"
version = "0.0.0"
dependencies = [
 "semoxide-engine",
 "semoxide-error",
 "semoxide-git",
 "semoxide-schema",
]

[[package]]
name = "semoxide-schema"
version = "0.0.0"
dependencies = [
 "semoxide-error",
]

[[package]]
name = "semoxide-test-support"
version = "0.0.0"
